
Microsoft Visual Studio Solution File, Format Version 12.00
Project("{FAE04EC0-301F-11D3-BF4B-00C04F79EFBC}") = "MeticaUnitySDK", "MeticaUnitySDK\MeticaUnitySDK.csproj", "{3D1A86A5-B50C-4A74-939E-1E9893651B16}"
EndProject
Global
	GlobalSection(SolutionConfigurationPlatforms) = preSolution
		Debug|Any CPU = Debug|Any CPU
		Release|Any CPU = Release|Any CPU
	EndGlobalSection
	GlobalSection(ProjectConfigurationPlatforms) = postSolution
		{3D1A86A5-B50C-4A74-939E-1E9893651B16}.Debug|Any CPU.ActiveCfg = Debug|Any CPU
		{3D1A86A5-B50C-4A74-939E-1E9893651B16}.Debug|Any CPU.Build.0 = Debug|Any CPU
		{3D1A86A5-B50C-4A74-939E-1E9893651B16}.Release|Any CPU.ActiveCfg = Release|Any CPU
		{3D1A86A5-B50C-4A74-939E-1E9893651B16}.Release|Any CPU.Build.0 = Release|Any CPU
	EndGlobalSection
EndGlobal
